
Microsoft Visual Studio Solution File, Format Version 12.00
# Visual Studio Version 17
VisualStudioVersion = 17.4.33213.308
MinimumVisualStudioVersion = 10.0.40219.1
Project("{FAE04EC0-301F-11D3-BF4B-00C04F79EFBC}") = "Assignmnet22", "Assignmnet22\Assignmnet22.csproj", "{0EF291EF-13AD-4FAA-B15D-5EF29CD4D4C8}"
EndProject
Global
	GlobalSection(SolutionConfigurationPlatforms) = preSolution
		Debug|Any CPU = Debug|Any CPU
		Release|Any CPU = Release|Any CPU
	EndGlobalSection
	GlobalSection(ProjectConfigurationPlatforms) = postSolution
		{0EF291EF-13AD-4FAA-B15D-5EF29CD4D4C8}.Debug|Any CPU.ActiveCfg = Debug|Any CPU
		{0EF291EF-13AD-4FAA-B15D-5EF29CD4D4C8}.Debug|Any CPU.Build.0 = Debug|Any CPU
		{0EF291EF-13AD-4FAA-B15D-5EF29CD4D4C8}.Release|Any CPU.ActiveCfg = Release|Any CPU
		{0EF291EF-13AD-4FAA-B15D-5EF29CD4D4C8}.Release|Any CPU.Build.0 = Release|Any CPU
	EndGlobalSection
	GlobalSection(SolutionProperties) = preSolution
		HideSolutionNode = FALSE
	EndGlobalSection
	GlobalSection(ExtensibilityGlobals) = postSolution
		SolutionGuid = {D6D8A020-ED63-48B2-8039-46442DA55287}
	EndGlobalSection
EndGlobal
