
Microsoft Visual Studio Solution File, Format Version 12.00
# Visual Studio Version 17
VisualStudioVersion = 17.5.33414.496
MinimumVisualStudioVersion = 10.0.40219.1
Project("{FAE04EC0-301F-11D3-BF4B-00C04F79EFBC}") = "assignment4", "assignment4\assignment4.csproj", "{3EADE930-390B-4A4B-9F40-0E62550EF756}"
EndProject
Global
	GlobalSection(SolutionConfigurationPlatforms) = preSolution
		Debug|Any CPU = Debug|Any CPU
		Release|Any CPU = Release|Any CPU
	EndGlobalSection
	GlobalSection(ProjectConfigurationPlatforms) = postSolution
		{3EADE930-390B-4A4B-9F40-0E62550EF756}.Debug|Any CPU.ActiveCfg = Debug|Any CPU
		{3EADE930-390B-4A4B-9F40-0E62550EF756}.Debug|Any CPU.Build.0 = Debug|Any CPU
		{3EADE930-390B-4A4B-9F40-0E62550EF756}.Release|Any CPU.ActiveCfg = Release|Any CPU
		{3EADE930-390B-4A4B-9F40-0E62550EF756}.Release|Any CPU.Build.0 = Release|Any CPU
	EndGlobalSection
	GlobalSection(SolutionProperties) = preSolution
		HideSolutionNode = FALSE
	EndGlobalSection
	GlobalSection(ExtensibilityGlobals) = postSolution
		SolutionGuid = {3FBDFD6F-9055-4E23-9F5F-5DF7E7C647FF}
	EndGlobalSection
EndGlobal
